// !$*UTF8*$!
{
	archiveVersion = 1;
	classes = {
	};
	objectVersion = 77;
	objects = {

/* Begin PBXBuildFile section */
		A00100010001000100010001 /* SaveXApp.swift in Sources */ = {isa = PBXBuildFile; fileRef = A00100010002000100010001 /* SaveXApp.swift */; };
		A00100010001000100010002 /* HomeView.swift in Sources */ = {isa = PBXBuildFile; fileRef = A00100010002000100010002 /* HomeView.swift */; };
		A00100010001000100010003 /* Assets.xcassets in Resources */ = {isa = PBXBuildFile; fileRef = A00100010002000100010003 /* Assets.xcassets */; };
		A00100010001000100010040 /* savex.icon in Resources */ = {isa = PBXBuildFile; fileRef = A00100010002000100010040 /* savex.icon */; };
		A00100010001000100010004 /* AppContainer.swift in Sources */ = {isa = PBXBuildFile; fileRef = A00100010002000100010005 /* AppContainer.swift */; };
		A00100010001000100010005 /* AppRouter.swift in Sources */ = {isa = PBXBuildFile; fileRef = A00100010002000100010006 /* AppRouter.swift */; };
		A00100010001000100010006 /* JobsView.swift in Sources */ = {isa = PBXBuildFile; fileRef = A00100010002000100010007 /* JobsView.swift */; };
		A00100010001000100010008 /* SettingsView.swift in Sources */ = {isa = PBXBuildFile; fileRef = A00100010002000100010009 /* SettingsView.swift */; };
		A00100010001000100010009 /* GlassPanel.swift in Sources */ = {isa = PBXBuildFile; fileRef = A0010001000200010001000A /* GlassPanel.swift */; };
		A0010001000100010001000A /* SaveXBackground.swift in Sources */ = {isa = PBXBuildFile; fileRef = A0010001000200010001000B /* SaveXBackground.swift */; };
		A0010001000100010001000B /* StatusPill.swift in Sources */ = {isa = PBXBuildFile; fileRef = A0010001000200010001000C /* StatusPill.swift */; };
		A0010001000100010001000C /* SaveXTwitterKernel.swift in Sources */ = {isa = PBXBuildFile; fileRef = A0010001000200010001000D /* SaveXTwitterKernel.swift */; };
		A0010001000100010001000D /* SaveXExtractionKernel.swift in Sources */ = {isa = PBXBuildFile; fileRef = A0010001000200010001000E /* SaveXExtractionKernel.swift */; };
		A0010001000100010001000E /* SaveXSelectionKernel.swift in Sources */ = {isa = PBXBuildFile; fileRef = A0010001000200010001000F /* SaveXSelectionKernel.swift */; };
		A0010001000100010001000F /* SaveXKernelModels.swift in Sources */ = {isa = PBXBuildFile; fileRef = A00100010002000100010010 /* SaveXKernelModels.swift */; };
		A00100010001000100010010 /* SaveXKernelSupport.swift in Sources */ = {isa = PBXBuildFile; fileRef = A00100010002000100010011 /* SaveXKernelSupport.swift */; };
		A00100010001000100010011 /* SaveXDownloadKernel.swift in Sources */ = {isa = PBXBuildFile; fileRef = A00100010002000100010012 /* SaveXDownloadKernel.swift */; };
		A00100010001000100010012 /* DownloadCenter.swift in Sources */ = {isa = PBXBuildFile; fileRef = A00100010002000100010013 /* DownloadCenter.swift */; };
		A00100010001000100010013 /* PhotoLibraryWriter.swift in Sources */ = {isa = PBXBuildFile; fileRef = A00100010002000100010014 /* PhotoLibraryWriter.swift */; };
		A00100010001000100010014 /* LogsView.swift in Sources */ = {isa = PBXBuildFile; fileRef = A00100010002000100010015 /* LogsView.swift */; };
		A00100010001000100010015 /* LibraryView.swift in Sources */ = {isa = PBXBuildFile; fileRef = A00100010002000100010016 /* LibraryView.swift */; };
		A00100010001000100010016 /* NetworkPermissionRequester.swift in Sources */ = {isa = PBXBuildFile; fileRef = A00100010002000100010017 /* NetworkPermissionRequester.swift */; };
		A00100010001000100010018 /* HLSMediaExport.swift in Sources */ = {isa = PBXBuildFile; fileRef = A00100010002000100010018 /* HLSMediaExport.swift */; };
		A00100010001000100010019 /* HLSManifest.swift in Sources */ = {isa = PBXBuildFile; fileRef = A00100010002000100010019 /* HLSManifest.swift */; };
		A0010001000100010001001A /* HTTPResumeStore.swift in Sources */ = {isa = PBXBuildFile; fileRef = A0010001000200010001001A /* HTTPResumeStore.swift */; };
		A0010001000100010001001B /* HLSResumeStore.swift in Sources */ = {isa = PBXBuildFile; fileRef = A0010001000200010001001B /* HLSResumeStore.swift */; };
		A0010001000100010001001C /* HLSMediaDownloader.swift in Sources */ = {isa = PBXBuildFile; fileRef = A0010001000200010001001C /* HLSMediaDownloader.swift */; };
		A0010001000100010001001D /* BackgroundHTTPDownloadCoordinator.swift in Sources */ = {isa = PBXBuildFile; fileRef = A0010001000200010001001D /* BackgroundHTTPDownloadCoordinator.swift */; };
		A0010001000100010001001E /* HTTPFileDownloader.swift in Sources */ = {isa = PBXBuildFile; fileRef = A0010001000200010001001E /* HTTPFileDownloader.swift */; };
		A0010001000100010001001F /* DownloadCoreTypes.swift in Sources */ = {isa = PBXBuildFile; fileRef = A0010001000200010001001F /* DownloadCoreTypes.swift */; };
		B00100010001000100010001 /* SaveXKernelTests.swift in Sources */ = {isa = PBXBuildFile; fileRef = B00100010002000100010001 /* SaveXKernelTests.swift */; };
/* End PBXBuildFile section */

/* Begin PBXContainerItemProxy section */
		B0010001000B000100010001 /* PBXContainerItemProxy */ = {
			isa = PBXContainerItemProxy;
			containerPortal = A00100010009000100010001 /* Project object */;
			proxyType = 1;
			remoteGlobalIDString = A00100010005000100010001;
			remoteInfo = SaveX;
		};
/* End PBXContainerItemProxy section */

/* Begin PBXFileReference section */
		A00100010002000100010001 /* SaveXApp.swift */ = {isa = PBXFileReference; lastKnownFileType = sourcecode.swift; path = SaveXApp.swift; sourceTree = "<group>"; };
		A00100010002000100010002 /* HomeView.swift */ = {isa = PBXFileReference; lastKnownFileType = sourcecode.swift; path = HomeView.swift; sourceTree = "<group>"; };
		A00100010002000100010003 /* Assets.xcassets */ = {isa = PBXFileReference; lastKnownFileType = folder.assetcatalog; path = Assets.xcassets; sourceTree = "<group>"; };
		A00100010002000100010004 /* SaveX.app */ = {isa = PBXFileReference; explicitFileType = wrapper.application; includeInIndex = 0; path = SaveX.app; sourceTree = BUILT_PRODUCTS_DIR; };
		A00100010002000100010040 /* savex.icon */ = {isa = PBXFileReference; lastKnownFileType = folder.iconcomposer.icon; path = savex.icon; sourceTree = "<group>"; };
		A00100010002000100010005 /* AppContainer.swift */ = {isa = PBXFileReference; lastKnownFileType = sourcecode.swift; path = AppContainer.swift; sourceTree = "<group>"; };
		A00100010002000100010006 /* AppRouter.swift */ = {isa = PBXFileReference; lastKnownFileType = sourcecode.swift; path = AppRouter.swift; sourceTree = "<group>"; };
		A00100010002000100010007 /* JobsView.swift */ = {isa = PBXFileReference; lastKnownFileType = sourcecode.swift; path = JobsView.swift; sourceTree = "<group>"; };
		A00100010002000100010009 /* SettingsView.swift */ = {isa = PBXFileReference; lastKnownFileType = sourcecode.swift; path = SettingsView.swift; sourceTree = "<group>"; };
		A0010001000200010001000A /* GlassPanel.swift */ = {isa = PBXFileReference; lastKnownFileType = sourcecode.swift; path = GlassPanel.swift; sourceTree = "<group>"; };
		A0010001000200010001000B /* SaveXBackground.swift */ = {isa = PBXFileReference; lastKnownFileType = sourcecode.swift; path = SaveXBackground.swift; sourceTree = "<group>"; };
		A0010001000200010001000C /* StatusPill.swift */ = {isa = PBXFileReference; lastKnownFileType = sourcecode.swift; path = StatusPill.swift; sourceTree = "<group>"; };
		A0010001000200010001000D /* SaveXTwitterKernel.swift */ = {isa = PBXFileReference; lastKnownFileType = sourcecode.swift; path = SaveXTwitterKernel.swift; sourceTree = "<group>"; };
		A0010001000200010001000E /* SaveXExtractionKernel.swift */ = {isa = PBXFileReference; lastKnownFileType = sourcecode.swift; path = SaveXExtractionKernel.swift; sourceTree = "<group>"; };
		A0010001000200010001000F /* SaveXSelectionKernel.swift */ = {isa = PBXFileReference; lastKnownFileType = sourcecode.swift; path = SaveXSelectionKernel.swift; sourceTree = "<group>"; };
		A00100010002000100010010 /* SaveXKernelModels.swift */ = {isa = PBXFileReference; lastKnownFileType = sourcecode.swift; path = SaveXKernelModels.swift; sourceTree = "<group>"; };
		A00100010002000100010011 /* SaveXKernelSupport.swift */ = {isa = PBXFileReference; lastKnownFileType = sourcecode.swift; path = SaveXKernelSupport.swift; sourceTree = "<group>"; };
		A00100010002000100010012 /* SaveXDownloadKernel.swift */ = {isa = PBXFileReference; lastKnownFileType = sourcecode.swift; path = SaveXDownloadKernel.swift; sourceTree = "<group>"; };
		A00100010002000100010013 /* DownloadCenter.swift */ = {isa = PBXFileReference; lastKnownFileType = sourcecode.swift; path = DownloadCenter.swift; sourceTree = "<group>"; };
		A00100010002000100010014 /* PhotoLibraryWriter.swift */ = {isa = PBXFileReference; lastKnownFileType = sourcecode.swift; path = PhotoLibraryWriter.swift; sourceTree = "<group>"; };
		A00100010002000100010015 /* LogsView.swift */ = {isa = PBXFileReference; lastKnownFileType = sourcecode.swift; path = LogsView.swift; sourceTree = "<group>"; };
		A00100010002000100010016 /* LibraryView.swift */ = {isa = PBXFileReference; lastKnownFileType = sourcecode.swift; path = LibraryView.swift; sourceTree = "<group>"; };
		A00100010002000100010017 /* NetworkPermissionRequester.swift */ = {isa = PBXFileReference; lastKnownFileType = sourcecode.swift; path = NetworkPermissionRequester.swift; sourceTree = "<group>"; };
		A00100010002000100010018 /* HLSMediaExport.swift */ = {isa = PBXFileReference; lastKnownFileType = sourcecode.swift; path = HLSMediaExport.swift; sourceTree = "<group>"; };
		A00100010002000100010019 /* HLSManifest.swift */ = {isa = PBXFileReference; lastKnownFileType = sourcecode.swift; path = HLSManifest.swift; sourceTree = "<group>"; };
		A0010001000200010001001A /* HTTPResumeStore.swift */ = {isa = PBXFileReference; lastKnownFileType = sourcecode.swift; path = HTTPResumeStore.swift; sourceTree = "<group>"; };
		A0010001000200010001001B /* HLSResumeStore.swift */ = {isa = PBXFileReference; lastKnownFileType = sourcecode.swift; path = HLSResumeStore.swift; sourceTree = "<group>"; };
		A0010001000200010001001C /* HLSMediaDownloader.swift */ = {isa = PBXFileReference; lastKnownFileType = sourcecode.swift; path = HLSMediaDownloader.swift; sourceTree = "<group>"; };
		A0010001000200010001001D /* BackgroundHTTPDownloadCoordinator.swift */ = {isa = PBXFileReference; lastKnownFileType = sourcecode.swift; path = BackgroundHTTPDownloadCoordinator.swift; sourceTree = "<group>"; };
		A0010001000200010001001E /* HTTPFileDownloader.swift */ = {isa = PBXFileReference; lastKnownFileType = sourcecode.swift; path = HTTPFileDownloader.swift; sourceTree = "<group>"; };
		A0010001000200010001001F /* DownloadCoreTypes.swift */ = {isa = PBXFileReference; lastKnownFileType = sourcecode.swift; path = DownloadCoreTypes.swift; sourceTree = "<group>"; };
		B00100010002000100010001 /* SaveXKernelTests.swift */ = {isa = PBXFileReference; lastKnownFileType = sourcecode.swift; path = SaveXKernelTests.swift; sourceTree = "<group>"; };
		B00100010002000100010002 /* SaveXTests.xctest */ = {isa = PBXFileReference; explicitFileType = wrapper.cfbundle; includeInIndex = 0; path = SaveXTests.xctest; sourceTree = BUILT_PRODUCTS_DIR; };
/* End PBXFileReference section */

/* Begin PBXFrameworksBuildPhase section */
		A00100010003000100010001 /* Frameworks */ = {
			isa = PBXFrameworksBuildPhase;
			buildActionMask = 2147483647;
			files = (
			);
			runOnlyForDeploymentPostprocessing = 0;
		};
		B00100010003000100010001 /* Frameworks */ = {
			isa = PBXFrameworksBuildPhase;
			buildActionMask = 2147483647;
			files = (
			);
			runOnlyForDeploymentPostprocessing = 0;
		};
/* End PBXFrameworksBuildPhase section */

/* Begin PBXGroup section */
		A00100010004000100010001 = {
			isa = PBXGroup;
			children = (
				A00100010004000100010002 /* SaveX */,
				B00100010004000100010001 /* SaveXTests */,
				A00100010004000100010003 /* Products */,
			);
			sourceTree = "<group>";
		};
		A00100010004000100010002 /* SaveX */ = {
			isa = PBXGroup;
			children = (
				A00100010004000100010004 /* App */,
				A00100010004000100010005 /* Features */,
				A0010001000400010001000A /* Core */,
				A00100010004000100010011 /* Data */,
				A00100010004000100010014 /* Infrastructure */,
				A00100010004000100010019 /* Shared */,
				A00100010002000100010003 /* Assets.xcassets */,
				A00100010002000100010040 /* savex.icon */,
			);
			path = SaveX;
			sourceTree = "<group>";
		};
		A00100010004000100010003 /* Products */ = {
			isa = PBXGroup;
			children = (
				A00100010002000100010004 /* SaveX.app */,
				B00100010002000100010002 /* SaveXTests.xctest */,
			);
			name = Products;
			sourceTree = "<group>";
		};
		B00100010004000100010001 /* SaveXTests */ = {
			isa = PBXGroup;
			children = (
				B00100010002000100010001 /* SaveXKernelTests.swift */,
			);
			path = SaveXTests;
			sourceTree = "<group>";
		};
		A00100010004000100010004 /* App */ = {
			isa = PBXGroup;
			children = (
				A00100010002000100010005 /* AppContainer.swift */,
				A00100010002000100010013 /* DownloadCenter.swift */,
				A00100010002000100010006 /* AppRouter.swift */,
				A00100010002000100010001 /* SaveXApp.swift */,
			);
			path = App;
			sourceTree = "<group>";
		};
		A00100010004000100010005 /* Features */ = {
			isa = PBXGroup;
			children = (
				A00100010004000100010006 /* Home */,
				A00100010004000100010007 /* Jobs */,
				A0010001000400010001001D /* Library */,
				A00100010004000100010008 /* Logs */,
				A00100010004000100010009 /* Settings */,
			);
			path = Features;
			sourceTree = "<group>";
		};
		A00100010004000100010006 /* Home */ = {
			isa = PBXGroup;
			children = (
				A00100010002000100010002 /* HomeView.swift */,
			);
			path = Home;
			sourceTree = "<group>";
		};
		A00100010004000100010007 /* Jobs */ = {
			isa = PBXGroup;
			children = (
				A00100010002000100010007 /* JobsView.swift */,
			);
			path = Jobs;
			sourceTree = "<group>";
		};
		A00100010004000100010008 /* Logs */ = {
			isa = PBXGroup;
			children = (
				A00100010002000100010015 /* LogsView.swift */,
			);
			path = Logs;
			sourceTree = "<group>";
		};
		A0010001000400010001001D /* Library */ = {
			isa = PBXGroup;
			children = (
				A00100010002000100010016 /* LibraryView.swift */,
			);
			path = Library;
			sourceTree = "<group>";
		};
		A00100010004000100010009 /* Settings */ = {
			isa = PBXGroup;
			children = (
				A00100010002000100010009 /* SettingsView.swift */,
			);
			path = Settings;
			sourceTree = "<group>";
		};
		A0010001000400010001000A /* Core */ = {
			isa = PBXGroup;
			children = (
				A0010001000400010001000B /* Twitter */,
				A0010001000400010001000C /* Extraction */,
				A0010001000400010001000D /* Selection */,
				A0010001000400010001000E /* Download */,
				A0010001000400010001000F /* Models */,
				A00100010004000100010010 /* Support */,
			);
			path = Core;
			sourceTree = "<group>";
		};
		A0010001000400010001000B /* Twitter */ = {
			isa = PBXGroup;
			children = (
				A0010001000200010001000D /* SaveXTwitterKernel.swift */,
			);
			path = Twitter;
			sourceTree = "<group>";
		};
		A0010001000400010001000C /* Extraction */ = {
			isa = PBXGroup;
			children = (
				A0010001000200010001000E /* SaveXExtractionKernel.swift */,
			);
			path = Extraction;
			sourceTree = "<group>";
		};
		A0010001000400010001000D /* Selection */ = {
			isa = PBXGroup;
			children = (
				A0010001000200010001000F /* SaveXSelectionKernel.swift */,
			);
			path = Selection;
			sourceTree = "<group>";
		};
		A0010001000400010001000E /* Download */ = {
			isa = PBXGroup;
			children = (
				A0010001000200010001001F /* DownloadCoreTypes.swift */,
				A00100010002000100010012 /* SaveXDownloadKernel.swift */,
				A0010001000200010001001D /* BackgroundHTTPDownloadCoordinator.swift */,
				A0010001000200010001001E /* HTTPFileDownloader.swift */,
				A0010001000200010001001A /* HTTPResumeStore.swift */,
				A00100010002000100010019 /* HLSManifest.swift */,
				A0010001000200010001001C /* HLSMediaDownloader.swift */,
				A00100010002000100010018 /* HLSMediaExport.swift */,
				A0010001000200010001001B /* HLSResumeStore.swift */,
			);
			path = Download;
			sourceTree = "<group>";
		};
		A0010001000400010001000F /* Models */ = {
			isa = PBXGroup;
			children = (
				A00100010002000100010010 /* SaveXKernelModels.swift */,
			);
			path = Models;
			sourceTree = "<group>";
		};
		A00100010004000100010010 /* Support */ = {
			isa = PBXGroup;
			children = (
				A00100010002000100010011 /* SaveXKernelSupport.swift */,
			);
			path = Support;
			sourceTree = "<group>";
		};
		A00100010004000100010011 /* Data */ = {
			isa = PBXGroup;
			children = (
				A00100010004000100010012 /* Repositories */,
				A00100010004000100010013 /* Persistence */,
			);
			path = Data;
			sourceTree = "<group>";
		};
		A00100010004000100010012 /* Repositories */ = {
			isa = PBXGroup;
			children = (
			);
			path = Repositories;
			sourceTree = "<group>";
		};
		A00100010004000100010013 /* Persistence */ = {
			isa = PBXGroup;
			children = (
			);
			path = Persistence;
			sourceTree = "<group>";
		};
		A00100010004000100010014 /* Infrastructure */ = {
			isa = PBXGroup;
			children = (
				A00100010004000100010015 /* Networking */,
				A00100010004000100010016 /* Storage */,
				A00100010004000100010017 /* System */,
				A00100010004000100010018 /* Logging */,
			);
			path = Infrastructure;
			sourceTree = "<group>";
		};
		A00100010004000100010015 /* Networking */ = {
			isa = PBXGroup;
			children = (
				A00100010002000100010017 /* NetworkPermissionRequester.swift */,
			);
			path = Networking;
			sourceTree = "<group>";
		};
		A00100010004000100010016 /* Storage */ = {
			isa = PBXGroup;
			children = (
				A00100010002000100010014 /* PhotoLibraryWriter.swift */,
			);
			path = Storage;
			sourceTree = "<group>";
		};
		A00100010004000100010017 /* System */ = {
			isa = PBXGroup;
			children = (
			);
			path = System;
			sourceTree = "<group>";
		};
		A00100010004000100010018 /* Logging */ = {
			isa = PBXGroup;
			children = (
			);
			path = Logging;
			sourceTree = "<group>";
		};
		A00100010004000100010019 /* Shared */ = {
			isa = PBXGroup;
			children = (
				A0010001000400010001001A /* UI */,
				A0010001000400010001001B /* Components */,
				A0010001000400010001001C /* Extensions */,
			);
			path = Shared;
			sourceTree = "<group>";
		};
		A0010001000400010001001A /* UI */ = {
			isa = PBXGroup;
			children = (
				A0010001000200010001000A /* GlassPanel.swift */,
				A0010001000200010001000B /* SaveXBackground.swift */,
				A0010001000200010001000C /* StatusPill.swift */,
			);
			path = UI;
			sourceTree = "<group>";
		};
		A0010001000400010001001B /* Components */ = {
			isa = PBXGroup;
			children = (
			);
			path = Components;
			sourceTree = "<group>";
		};
		A0010001000400010001001C /* Extensions */ = {
			isa = PBXGroup;
			children = (
			);
			path = Extensions;
			sourceTree = "<group>";
		};
/* End PBXGroup section */

/* Begin PBXNativeTarget section */
		A00100010005000100010001 /* SaveX */ = {
			isa = PBXNativeTarget;
			buildConfigurationList = A00100010008000100010001 /* Build configuration list for PBXNativeTarget "SaveX" */;
			buildPhases = (
				A00100010006000100010001 /* Sources */,
				A00100010003000100010001 /* Frameworks */,
				A00100010007000100010001 /* Resources */,
			);
			buildRules = (
			);
			dependencies = (
			);
			name = SaveX;
			packageProductDependencies = (
			);
			productName = SaveX;
			productReference = A00100010002000100010004 /* SaveX.app */;
			productType = "com.apple.product-type.application";
		};
		B00100010005000100010001 /* SaveXTests */ = {
			isa = PBXNativeTarget;
			buildConfigurationList = B00100010008000100010001 /* Build configuration list for PBXNativeTarget "SaveXTests" */;
			buildPhases = (
				B00100010006000100010001 /* Sources */,
				B00100010003000100010001 /* Frameworks */,
				B00100010007000100010001 /* Resources */,
			);
			buildRules = (
			);
			dependencies = (
				B0010001000C000100010001 /* PBXTargetDependency */,
			);
			name = SaveXTests;
			packageProductDependencies = (
			);
			productName = SaveXTests;
			productReference = B00100010002000100010002 /* SaveXTests.xctest */;
			productType = "com.apple.product-type.bundle.unit-test";
		};
/* End PBXNativeTarget section */

/* Begin PBXProject section */
		A00100010009000100010001 /* Project object */ = {
			isa = PBXProject;
			attributes = {
				BuildIndependentTargetsInParallel = 1;
				LastSwiftUpdateCheck = 2600;
				LastUpgradeCheck = 2600;
				TargetAttributes = {
					A00100010005000100010001 = {
						CreatedOnToolsVersion = 26.0;
					};
					B00100010005000100010001 = {
						CreatedOnToolsVersion = 26.0;
						TestTargetID = A00100010005000100010001;
					};
				};
			};
			buildConfigurationList = A00100010008000100010002 /* Build configuration list for PBXProject "SaveX" */;
			developmentRegion = en;
			hasScannedForEncodings = 0;
			knownRegions = (
				en,
				Base,
			);
			mainGroup = A00100010004000100010001;
			minimizedProjectReferenceProxies = 1;
			preferredProjectObjectVersion = 77;
			productRefGroup = A00100010004000100010003 /* Products */;
			projectDirPath = "";
			projectRoot = "";
			targets = (
				A00100010005000100010001 /* SaveX */,
				B00100010005000100010001 /* SaveXTests */,
			);
		};
/* End PBXProject section */

/* Begin PBXResourcesBuildPhase section */
		A00100010007000100010001 /* Resources */ = {
			isa = PBXResourcesBuildPhase;
			buildActionMask = 2147483647;
			files = (
				A00100010001000100010003 /* Assets.xcassets in Resources */,
				A00100010001000100010040 /* savex.icon in Resources */,
			);
			runOnlyForDeploymentPostprocessing = 0;
		};
		B00100010007000100010001 /* Resources */ = {
			isa = PBXResourcesBuildPhase;
			buildActionMask = 2147483647;
			files = (
			);
			runOnlyForDeploymentPostprocessing = 0;
		};
/* End PBXResourcesBuildPhase section */

/* Begin PBXSourcesBuildPhase section */
		A00100010006000100010001 /* Sources */ = {
			isa = PBXSourcesBuildPhase;
			buildActionMask = 2147483647;
			files = (
				A00100010001000100010005 /* AppRouter.swift in Sources */,
				A00100010001000100010004 /* AppContainer.swift in Sources */,
				A00100010001000100010012 /* DownloadCenter.swift in Sources */,
				A00100010001000100010009 /* GlassPanel.swift in Sources */,
				A0010001000100010001000A /* SaveXBackground.swift in Sources */,
				A0010001000100010001000D /* SaveXExtractionKernel.swift in Sources */,
				A0010001000100010001001F /* DownloadCoreTypes.swift in Sources */,
				A00100010001000100010011 /* SaveXDownloadKernel.swift in Sources */,
				A0010001000100010001001D /* BackgroundHTTPDownloadCoordinator.swift in Sources */,
				A0010001000100010001001E /* HTTPFileDownloader.swift in Sources */,
				A0010001000100010001001A /* HTTPResumeStore.swift in Sources */,
				A00100010001000100010019 /* HLSManifest.swift in Sources */,
				A0010001000100010001001C /* HLSMediaDownloader.swift in Sources */,
				A00100010001000100010018 /* HLSMediaExport.swift in Sources */,
				A0010001000100010001001B /* HLSResumeStore.swift in Sources */,
				A0010001000100010001000F /* SaveXKernelModels.swift in Sources */,
				A00100010001000100010002 /* HomeView.swift in Sources */,
				A0010001000100010001000B /* StatusPill.swift in Sources */,
				A00100010001000100010006 /* JobsView.swift in Sources */,
				A0010001000100010001000E /* SaveXSelectionKernel.swift in Sources */,
				A00100010001000100010008 /* SettingsView.swift in Sources */,
				A00100010001000100010010 /* SaveXKernelSupport.swift in Sources */,
				A00100010001000100010013 /* PhotoLibraryWriter.swift in Sources */,
				A00100010001000100010014 /* LogsView.swift in Sources */,
				A00100010001000100010015 /* LibraryView.swift in Sources */,
				A00100010001000100010016 /* NetworkPermissionRequester.swift in Sources */,
				A00100010001000100010001 /* SaveXApp.swift in Sources */,
				A0010001000100010001000C /* SaveXTwitterKernel.swift in Sources */,
			);
			runOnlyForDeploymentPostprocessing = 0;
		};
		B00100010006000100010001 /* Sources */ = {
			isa = PBXSourcesBuildPhase;
			buildActionMask = 2147483647;
			files = (
				B00100010001000100010001 /* SaveXKernelTests.swift in Sources */,
			);
			runOnlyForDeploymentPostprocessing = 0;
		};
/* End PBXSourcesBuildPhase section */

/* Begin PBXTargetDependency section */
		B0010001000C000100010001 /* PBXTargetDependency */ = {
			isa = PBXTargetDependency;
			target = A00100010005000100010001 /* SaveX */;
			targetProxy = B0010001000B000100010001 /* PBXContainerItemProxy */;
		};
/* End PBXTargetDependency section */

/* Begin XCBuildConfiguration section */
		A0010001000A000100010001 /* Debug */ = {
			isa = XCBuildConfiguration;
			buildSettings = {
				ALWAYS_SEARCH_USER_PATHS = NO;
				CLANG_ENABLE_MODULES = YES;
				CLANG_ENABLE_OBJC_ARC = YES;
				CLANG_WARN_DOCUMENTATION_COMMENTS = YES;
				CLANG_WARN_QUOTED_INCLUDE_IN_FRAMEWORK_HEADER = YES;
				COPY_PHASE_STRIP = NO;
				DEBUG_INFORMATION_FORMAT = dwarf;
				ENABLE_STRICT_OBJC_MSGSEND = YES;
				GCC_C_LANGUAGE_STANDARD = gnu17;
				GCC_NO_COMMON_BLOCKS = YES;
				GCC_WARN_64_TO_32_BIT_CONVERSION = YES;
				GCC_WARN_ABOUT_RETURN_TYPE = YES_ERROR;
				GCC_WARN_UNDECLARED_SELECTOR = YES;
				GCC_WARN_UNINITIALIZED_AUTOS = YES_AGGRESSIVE;
				GCC_WARN_UNUSED_FUNCTION = YES;
				GCC_WARN_UNUSED_VARIABLE = YES;
				IPHONEOS_DEPLOYMENT_TARGET = 26.0;
				MTL_ENABLE_DEBUG_INFO = INCLUDE_SOURCE;
				MTL_FAST_MATH = YES;
				ONLY_ACTIVE_ARCH = YES;
				SDKROOT = iphoneos;
				SWIFT_ACTIVE_COMPILATION_CONDITIONS = "DEBUG $(inherited)";
				SWIFT_OPTIMIZATION_LEVEL = "-Onone";
			};
			name = Debug;
		};
		A0010001000A000100010002 /* Release */ = {
			isa = XCBuildConfiguration;
			buildSettings = {
				ALWAYS_SEARCH_USER_PATHS = NO;
				CLANG_ENABLE_MODULES = YES;
				CLANG_ENABLE_OBJC_ARC = YES;
				CLANG_WARN_DOCUMENTATION_COMMENTS = YES;
				CLANG_WARN_QUOTED_INCLUDE_IN_FRAMEWORK_HEADER = YES;
				COPY_PHASE_STRIP = NO;
				DEBUG_INFORMATION_FORMAT = "dwarf-with-dsym";
				ENABLE_NS_ASSERTIONS = NO;
				ENABLE_STRICT_OBJC_MSGSEND = YES;
				GCC_C_LANGUAGE_STANDARD = gnu17;
				GCC_NO_COMMON_BLOCKS = YES;
				GCC_WARN_64_TO_32_BIT_CONVERSION = YES;
				GCC_WARN_ABOUT_RETURN_TYPE = YES_ERROR;
				GCC_WARN_UNDECLARED_SELECTOR = YES;
				GCC_WARN_UNINITIALIZED_AUTOS = YES_AGGRESSIVE;
				GCC_WARN_UNUSED_FUNCTION = YES;
				GCC_WARN_UNUSED_VARIABLE = YES;
				IPHONEOS_DEPLOYMENT_TARGET = 26.0;
				MTL_FAST_MATH = YES;
				SDKROOT = iphoneos;
				SWIFT_COMPILATION_MODE = wholemodule;
				VALIDATE_PRODUCT = YES;
			};
			name = Release;
		};
		A0010001000A000100010003 /* Debug */ = {
			isa = XCBuildConfiguration;
			buildSettings = {
				ASSETCATALOG_COMPILER_APPICON_NAME = savex;
				CODE_SIGN_STYLE = Automatic;
				CURRENT_PROJECT_VERSION = 1;
				DEVELOPMENT_ASSET_PATHS = "\"SaveX/Preview Content\"";
				DEVELOPMENT_TEAM = 4KZR8B23CV;
				ENABLE_TESTABILITY = YES;
				ENABLE_PREVIEWS = YES;
				GENERATE_INFOPLIST_FILE = YES;
				INFOPLIST_KEY_CFBundleDisplayName = SaveX;
				INFOPLIST_KEY_LSApplicationCategoryType = "public.app-category.utilities";
				INFOPLIST_KEY_NSPhotoLibraryAddUsageDescription = "SaveX needs permission to add downloaded videos to your photo library.";
				INFOPLIST_KEY_UIApplicationSceneManifest_Generation = YES;
				INFOPLIST_KEY_UIApplicationSupportsIndirectInputEvents = YES;
				INFOPLIST_KEY_UILaunchScreen_Generation = YES;
				INFOPLIST_KEY_UISupportedInterfaceOrientations_iPad = "UIInterfaceOrientationPortrait UIInterfaceOrientationPortraitUpsideDown UIInterfaceOrientationLandscapeLeft UIInterfaceOrientationLandscapeRight";
				INFOPLIST_KEY_UISupportedInterfaceOrientations_iPhone = UIInterfaceOrientationPortrait;
				LD_RUNPATH_SEARCH_PATHS = (
					"$(inherited)",
					"@executable_path/Frameworks",
				);
				MARKETING_VERSION = 0.0.2;
				PRODUCT_BUNDLE_IDENTIFIER = io.github.inp146.savex;
				PRODUCT_NAME = "$(TARGET_NAME)";
				SUPPORTED_PLATFORMS = "iphoneos iphonesimulator";
				SWIFT_EMIT_LOC_STRINGS = YES;
				SWIFT_VERSION = 5.0;
				TARGETED_DEVICE_FAMILY = "1,2";
			};
			name = Debug;
		};
		A0010001000A000100010004 /* Release */ = {
			isa = XCBuildConfiguration;
			buildSettings = {
				ASSETCATALOG_COMPILER_APPICON_NAME = savex;
				CODE_SIGN_STYLE = Automatic;
				CURRENT_PROJECT_VERSION = 1;
				DEVELOPMENT_ASSET_PATHS = "\"SaveX/Preview Content\"";
				DEVELOPMENT_TEAM = 4KZR8B23CV;
				ENABLE_PREVIEWS = YES;
				GENERATE_INFOPLIST_FILE = YES;
				INFOPLIST_KEY_CFBundleDisplayName = SaveX;
				INFOPLIST_KEY_LSApplicationCategoryType = "public.app-category.utilities";
				INFOPLIST_KEY_NSPhotoLibraryAddUsageDescription = "SaveX needs permission to add downloaded videos to your photo library.";
				INFOPLIST_KEY_UIApplicationSceneManifest_Generation = YES;
				INFOPLIST_KEY_UIApplicationSupportsIndirectInputEvents = YES;
				INFOPLIST_KEY_UILaunchScreen_Generation = YES;
				INFOPLIST_KEY_UISupportedInterfaceOrientations_iPad = "UIInterfaceOrientationPortrait UIInterfaceOrientationPortraitUpsideDown UIInterfaceOrientationLandscapeLeft UIInterfaceOrientationLandscapeRight";
				INFOPLIST_KEY_UISupportedInterfaceOrientations_iPhone = UIInterfaceOrientationPortrait;
				LD_RUNPATH_SEARCH_PATHS = (
					"$(inherited)",
					"@executable_path/Frameworks",
				);
				MARKETING_VERSION = 0.0.2;
				PRODUCT_BUNDLE_IDENTIFIER = io.github.inp146.savex;
				PRODUCT_NAME = "$(TARGET_NAME)";
				SUPPORTED_PLATFORMS = "iphoneos iphonesimulator";
				SWIFT_EMIT_LOC_STRINGS = YES;
				SWIFT_VERSION = 5.0;
				TARGETED_DEVICE_FAMILY = "1,2";
			};
			name = Release;
		};
		B0010001000A000100010001 /* Debug */ = {
			isa = XCBuildConfiguration;
			buildSettings = {
				BUNDLE_LOADER = "$(TEST_HOST)";
				CODE_SIGN_STYLE = Automatic;
				CURRENT_PROJECT_VERSION = 1;
				DEVELOPMENT_TEAM = 4KZR8B23CV;
				GENERATE_INFOPLIST_FILE = YES;
				IPHONEOS_DEPLOYMENT_TARGET = 26.0;
				LD_RUNPATH_SEARCH_PATHS = (
					"$(inherited)",
					"@executable_path/Frameworks",
					"@loader_path/Frameworks",
				);
				MARKETING_VERSION = 1.0;
				PRODUCT_BUNDLE_IDENTIFIER = io.github.inp146.savex.tests;
				PRODUCT_NAME = "$(TARGET_NAME)";
				SDKROOT = iphoneos;
				SUPPORTED_PLATFORMS = "iphoneos iphonesimulator";
				SWIFT_ACTIVE_COMPILATION_CONDITIONS = "DEBUG $(inherited)";
				SWIFT_EMIT_LOC_STRINGS = NO;
				SWIFT_OPTIMIZATION_LEVEL = "-Onone";
				SWIFT_VERSION = 5.0;
				TARGETED_DEVICE_FAMILY = "1,2";
				TEST_HOST = "$(BUILT_PRODUCTS_DIR)/SaveX.app/$(BUNDLE_EXECUTABLE_FOLDER_PATH)/SaveX";
			};
			name = Debug;
		};
		B0010001000A000100010002 /* Release */ = {
			isa = XCBuildConfiguration;
			buildSettings = {
				BUNDLE_LOADER = "$(TEST_HOST)";
				CODE_SIGN_STYLE = Automatic;
				CURRENT_PROJECT_VERSION = 1;
				DEVELOPMENT_TEAM = 4KZR8B23CV;
				GENERATE_INFOPLIST_FILE = YES;
				IPHONEOS_DEPLOYMENT_TARGET = 26.0;
				LD_RUNPATH_SEARCH_PATHS = (
					"$(inherited)",
					"@executable_path/Frameworks",
					"@loader_path/Frameworks",
				);
				MARKETING_VERSION = 1.0;
				PRODUCT_BUNDLE_IDENTIFIER = io.github.inp146.savex.tests;
				PRODUCT_NAME = "$(TARGET_NAME)";
				SDKROOT = iphoneos;
				SUPPORTED_PLATFORMS = "iphoneos iphonesimulator";
				SWIFT_COMPILATION_MODE = wholemodule;
				SWIFT_EMIT_LOC_STRINGS = NO;
				SWIFT_VERSION = 5.0;
				TARGETED_DEVICE_FAMILY = "1,2";
				TEST_HOST = "$(BUILT_PRODUCTS_DIR)/SaveX.app/$(BUNDLE_EXECUTABLE_FOLDER_PATH)/SaveX";
			};
			name = Release;
		};
/* End XCBuildConfiguration section */

/* Begin XCConfigurationList section */
		A00100010008000100010001 /* Build configuration list for PBXNativeTarget "SaveX" */ = {
			isa = XCConfigurationList;
			buildConfigurations = (
				A0010001000A000100010003 /* Debug */,
				A0010001000A000100010004 /* Release */,
			);
			defaultConfigurationIsVisible = 0;
			defaultConfigurationName = Release;
		};
		A00100010008000100010002 /* Build configuration list for PBXProject "SaveX" */ = {
			isa = XCConfigurationList;
			buildConfigurations = (
				A0010001000A000100010001 /* Debug */,
				A0010001000A000100010002 /* Release */,
			);
			defaultConfigurationIsVisible = 0;
			defaultConfigurationName = Release;
		};
		B00100010008000100010001 /* Build configuration list for PBXNativeTarget "SaveXTests" */ = {
			isa = XCConfigurationList;
			buildConfigurations = (
				B0010001000A000100010001 /* Debug */,
				B0010001000A000100010002 /* Release */,
			);
			defaultConfigurationIsVisible = 0;
			defaultConfigurationName = Release;
		};
/* End XCConfigurationList section */
	};
	rootObject = A00100010009000100010001 /* Project object */;
}
